
Microsoft Visual Studio Solution File, Format Version 12.00
# Visual Studio 15
VisualStudioVersion = 15.0.27004.2006
MinimumVisualStudioVersion = 10.0.40219.1
Project("{FAE04EC0-301F-11D3-BF4B-00C04F79EFBC}") = "EqualityComparerDemo", "EqualityComparerDemo\EqualityComparerDemo.csproj", "{78045AF7-014F-4FE5-ACFA-07F527D2B0BA}"
EndProject
Global
	GlobalSection(SolutionConfigurationPlatforms) = preSolution
		Debug|Any CPU = Debug|Any CPU
		Release|Any CPU = Release|Any CPU
	EndGlobalSection
	GlobalSection(ProjectConfigurationPlatforms) = postSolution
		{78045AF7-014F-4FE5-ACFA-07F527D2B0BA}.Debug|Any CPU.ActiveCfg = Debug|Any CPU
		{78045AF7-014F-4FE5-ACFA-07F527D2B0BA}.Debug|Any CPU.Build.0 = Debug|Any CPU
		{78045AF7-014F-4FE5-ACFA-07F527D2B0BA}.Release|Any CPU.ActiveCfg = Release|Any CPU
		{78045AF7-014F-4FE5-ACFA-07F527D2B0BA}.Release|Any CPU.Build.0 = Release|Any CPU
	EndGlobalSection
	GlobalSection(SolutionProperties) = preSolution
		HideSolutionNode = FALSE
	EndGlobalSection
	GlobalSection(ExtensibilityGlobals) = postSolution
		SolutionGuid = {8947C8BD-7898-436F-8385-E35722826CB0}
	EndGlobalSection
EndGlobal
