
Microsoft Visual Studio Solution File, Format Version 12.00
# Visual Studio 15
VisualStudioVersion = 15.0.27004.2006
MinimumVisualStudioVersion = 10.0.40219.1
Project("{FAE04EC0-301F-11D3-BF4B-00C04F79EFBC}") = "EqualTuples", "EqualTuples\EqualTuples.csproj", "{54A9E22E-CE73-4119-9D5C-D7DB36DAB650}"
EndProject
Global
	GlobalSection(SolutionConfigurationPlatforms) = preSolution
		Debug|Any CPU = Debug|Any CPU
		Release|Any CPU = Release|Any CPU
	EndGlobalSection
	GlobalSection(ProjectConfigurationPlatforms) = postSolution
		{54A9E22E-CE73-4119-9D5C-D7DB36DAB650}.Debug|Any CPU.ActiveCfg = Debug|Any CPU
		{54A9E22E-CE73-4119-9D5C-D7DB36DAB650}.Debug|Any CPU.Build.0 = Debug|Any CPU
		{54A9E22E-CE73-4119-9D5C-D7DB36DAB650}.Release|Any CPU.ActiveCfg = Release|Any CPU
		{54A9E22E-CE73-4119-9D5C-D7DB36DAB650}.Release|Any CPU.Build.0 = Release|Any CPU
	EndGlobalSection
	GlobalSection(SolutionProperties) = preSolution
		HideSolutionNode = FALSE
	EndGlobalSection
	GlobalSection(ExtensibilityGlobals) = postSolution
		SolutionGuid = {F5ACA6AE-EA09-4990-95E5-B42ED6FAD454}
	EndGlobalSection
EndGlobal
